
Microsoft Visual Studio Solution File, Format Version 12.00
# Visual Studio Version 17
VisualStudioVersion = 17.6.33829.357
MinimumVisualStudioVersion = 10.0.40219.1
Project("{FAE04EC0-301F-11D3-BF4B-00C04F79EFBC}") = "UmbracoProject", "UmbracoProject\UmbracoProject.csproj", "{417BDDFA-C3E3-497D-AC04-5783DD3B7715}"
EndProject
Global
	GlobalSection(SolutionConfigurationPlatforms) = preSolution
		Debug|Any CPU = Debug|Any CPU
		Release|Any CPU = Release|Any CPU
	EndGlobalSection
	GlobalSection(ProjectConfigurationPlatforms) = postSolution
		{417BDDFA-C3E3-497D-AC04-5783DD3B7715}.Debug|Any CPU.ActiveCfg = Debug|Any CPU
		{417BDDFA-C3E3-497D-AC04-5783DD3B7715}.Debug|Any CPU.Build.0 = Debug|Any CPU
		{417BDDFA-C3E3-497D-AC04-5783DD3B7715}.Release|Any CPU.ActiveCfg = Release|Any CPU
		{417BDDFA-C3E3-497D-AC04-5783DD3B7715}.Release|Any CPU.Build.0 = Release|Any CPU
	EndGlobalSection
	GlobalSection(SolutionProperties) = preSolution
		HideSolutionNode = FALSE
	EndGlobalSection
	GlobalSection(ExtensibilityGlobals) = postSolution
		SolutionGuid = {30DA1917-769B-455F-8348-74A0CAFB2122}
	EndGlobalSection
EndGlobal
